
Microsoft Visual Studio Solution File, Format Version 12.00
# Visual Studio Version 17
VisualStudioVersion = 17.4.33122.133
MinimumVisualStudioVersion = 10.0.40219.1
Project("{FAE04EC0-301F-11D3-BF4B-00C04F79EFBC}") = "microservices.customersvc", "microservices.customersvc\microservices.customersvc.csproj", "{45041BAE-9584-4688-878A-C88F23B75803}"
EndProject
Project("{FAE04EC0-301F-11D3-BF4B-00C04F79EFBC}") = "microservices.productsvc", "microservices.productsvc\microservices.productsvc.csproj", "{3B952398-56B9-44C9-8F84-A9C04EC97D01}"
EndProject
Project("{E53339B2-1760-4266-BCC7-CA923CBCF16C}") = "docker-compose", "docker-compose.dcproj", "{409A2CEB-6085-4D33-B0FC-34ADCAC1957E}"
EndProject
Global
	GlobalSection(SolutionConfigurationPlatforms) = preSolution
		Debug|Any CPU = Debug|Any CPU
		Release|Any CPU = Release|Any CPU
	EndGlobalSection
	GlobalSection(ProjectConfigurationPlatforms) = postSolution
		{45041BAE-9584-4688-878A-C88F23B75803}.Debug|Any CPU.ActiveCfg = Debug|Any CPU
		{45041BAE-9584-4688-878A-C88F23B75803}.Debug|Any CPU.Build.0 = Debug|Any CPU
		{45041BAE-9584-4688-878A-C88F23B75803}.Release|Any CPU.ActiveCfg = Release|Any CPU
		{45041BAE-9584-4688-878A-C88F23B75803}.Release|Any CPU.Build.0 = Release|Any CPU
		{3B952398-56B9-44C9-8F84-A9C04EC97D01}.Debug|Any CPU.ActiveCfg = Debug|Any CPU
		{3B952398-56B9-44C9-8F84-A9C04EC97D01}.Debug|Any CPU.Build.0 = Debug|Any CPU
		{3B952398-56B9-44C9-8F84-A9C04EC97D01}.Release|Any CPU.ActiveCfg = Release|Any CPU
		{3B952398-56B9-44C9-8F84-A9C04EC97D01}.Release|Any CPU.Build.0 = Release|Any CPU
		{409A2CEB-6085-4D33-B0FC-34ADCAC1957E}.Debug|Any CPU.ActiveCfg = Debug|Any CPU
		{409A2CEB-6085-4D33-B0FC-34ADCAC1957E}.Debug|Any CPU.Build.0 = Debug|Any CPU
		{409A2CEB-6085-4D33-B0FC-34ADCAC1957E}.Release|Any CPU.ActiveCfg = Release|Any CPU
		{409A2CEB-6085-4D33-B0FC-34ADCAC1957E}.Release|Any CPU.Build.0 = Release|Any CPU
	EndGlobalSection
	GlobalSection(SolutionProperties) = preSolution
		HideSolutionNode = FALSE
	EndGlobalSection
	GlobalSection(ExtensibilityGlobals) = postSolution
		SolutionGuid = {AC2F4FDA-3723-45FB-B495-CC81CDFA55FE}
	EndGlobalSection
EndGlobal
